
Microsoft Visual Studio Solution File, Format Version 12.00
# Visual Studio Version 17
VisualStudioVersion = 17.5.33516.290
MinimumVisualStudioVersion = 10.0.40219.1
Project("{FAE04EC0-301F-11D3-BF4B-00C04F79EFBC}") = "Liczby_Zapis_odczyt_3p", "Liczby_Zapis_odczyt_3p\Liczby_Zapis_odczyt_3p.csproj", "{D7C7330C-17AE-47E7-B32C-0E45B1DDA62A}"
EndProject
Global
	GlobalSection(SolutionConfigurationPlatforms) = preSolution
		Debug|Any CPU = Debug|Any CPU
		Release|Any CPU = Release|Any CPU
	EndGlobalSection
	GlobalSection(ProjectConfigurationPlatforms) = postSolution
		{D7C7330C-17AE-47E7-B32C-0E45B1DDA62A}.Debug|Any CPU.ActiveCfg = Debug|Any CPU
		{D7C7330C-17AE-47E7-B32C-0E45B1DDA62A}.Debug|Any CPU.Build.0 = Debug|Any CPU
		{D7C7330C-17AE-47E7-B32C-0E45B1DDA62A}.Release|Any CPU.ActiveCfg = Release|Any CPU
		{D7C7330C-17AE-47E7-B32C-0E45B1DDA62A}.Release|Any CPU.Build.0 = Release|Any CPU
	EndGlobalSection
	GlobalSection(SolutionProperties) = preSolution
		HideSolutionNode = FALSE
	EndGlobalSection
	GlobalSection(ExtensibilityGlobals) = postSolution
		SolutionGuid = {44753B70-94D2-46D0-8726-B2477553A850}
	EndGlobalSection
EndGlobal
